schema: '2.0'
stages:
  get_data:
    cmd: python src/get_data.py
    deps:
    - path: src/get_data.py
      md5: 2547a26267153a707b083e0d88a2291d
      size: 388
    outs:
    - path: dataset
      md5: 69700dc670a2d86190d82ac79154445a.dir
      size: 433355
      nfiles: 3
  preprocess:
    cmd: python src/text_preprocessing.py
    deps:
    - path: src/text_preprocessing.py
      md5: 353f5a9f6787a4e399c070ad29a10cbb
      size: 2590
    outs:
    - path: output/preprocessed_data.joblib
      md5: 926d6bc157b144d5f6643ba238f8f1d8
      size: 126737
  train:
    cmd: python src/text_classification.py AdaBoost
    deps:
    - path: src/text_classification.py
      md5: 69aeabf3f6620ea5d96605234fe44bc8
      size: 3766
    outs:
    - path: output/AdaBoost_model.joblib
      md5: d2b297908d42461c8c454ccdb23b8c81
      size: 42379
